
Microsoft Visual Studio Solution File, Format Version 12.00
# Visual Studio 15
VisualStudioVersion = 15.0.28307.705
MinimumVisualStudioVersion = 10.0.40219.1
Project("{FAE04EC0-301F-11D3-BF4B-00C04F79EFBC}") = "Lands.Android", "Lands\Lands.Android\Lands.Android.csproj", "{3AA2C792-47B5-4AFD-A43C-4C39C81A6082}"
EndProject
Project("{FAE04EC0-301F-11D3-BF4B-00C04F79EFBC}") = "Lands.iOS", "Lands\Lands.iOS\Lands.iOS.csproj", "{5C808508-9F30-48C3-92E7-4EAA32C6375D}"
EndProject
Project("{9A19103F-16F7-4668-BE54-9A1E7A4F7556}") = "Lands", "Lands\Lands\Lands.csproj", "{D93A427D-908B-4F40-B513-4FC11F692C22}"
EndProject
Project("{FAE04EC0-301F-11D3-BF4B-00C04F79EFBC}") = "LandsBackend", "LandsBackend\LandsBackend.csproj", "{0584DD37-ECD3-4F85-A1B4-1F8B74D18508}"
EndProject
Global
	GlobalSection(SolutionConfigurationPlatforms) = preSolution
		Ad-Hoc|Any CPU = Ad-Hoc|Any CPU
		Ad-Hoc|iPhone = Ad-Hoc|iPhone
		Ad-Hoc|iPhoneSimulator = Ad-Hoc|iPhoneSimulator
		AppStore|Any CPU = AppStore|Any CPU
		AppStore|iPhone = AppStore|iPhone
		AppStore|iPhoneSimulator = AppStore|iPhoneSimulator
		Debug|Any CPU = Debug|Any CPU
		Debug|iPhone = Debug|iPhone
		Debug|iPhoneSimulator = Debug|iPhoneSimulator
		Release|Any CPU = Release|Any CPU
		Release|iPhone = Release|iPhone
		Release|iPhoneSimulator = Release|iPhoneSimulator
	EndGlobalSection
	GlobalSection(ProjectConfigurationPlatforms) = postSolution
		{3AA2C792-47B5-4AFD-A43C-4C39C81A6082}.Ad-Hoc|Any CPU.ActiveCfg = Release|Any CPU
		{3AA2C792-47B5-4AFD-A43C-4C39C81A6082}.Ad-Hoc|Any CPU.Build.0 = Release|Any CPU
		{3AA2C792-47B5-4AFD-A43C-4C39C81A6082}.Ad-Hoc|Any CPU.Deploy.0 = Release|Any CPU
		{3AA2C792-47B5-4AFD-A43C-4C39C81A6082}.Ad-Hoc|iPhone.ActiveCfg = Release|Any CPU
		{3AA2C792-47B5-4AFD-A43C-4C39C81A6082}.Ad-Hoc|iPhone.Build.0 = Release|Any CPU
		{3AA2C792-47B5-4AFD-A43C-4C39C81A6082}.Ad-Hoc|iPhone.Deploy.0 = Release|Any CPU
		{3AA2C792-47B5-4AFD-A43C-4C39C81A6082}.Ad-Hoc|iPhoneSimulator.ActiveCfg = Release|Any CPU
		{3AA2C792-47B5-4AFD-A43C-4C39C81A6082}.Ad-Hoc|iPhoneSimulator.Build.0 = Release|Any CPU
		{3AA2C792-47B5-4AFD-A43C-4C39C81A6082}.Ad-Hoc|iPhoneSimulator.Deploy.0 = Release|Any CPU
		{3AA2C792-47B5-4AFD-A43C-4C39C81A6082}.AppStore|Any CPU.ActiveCfg = Release|Any CPU
		{3AA2C792-47B5-4AFD-A43C-4C39C81A6082}.AppStore|Any CPU.Build.0 = Release|Any CPU
		{3AA2C792-47B5-4AFD-A43C-4C39C81A6082}.AppStore|Any CPU.Deploy.0 = Release|Any CPU
		{3AA2C792-47B5-4AFD-A43C-4C39C81A6082}.AppStore|iPhone.ActiveCfg = Release|Any CPU
		{3AA2C792-47B5-4AFD-A43C-4C39C81A6082}.AppStore|iPhone.Build.0 = Release|Any CPU
		{3AA2C792-47B5-4AFD-A43C-4C39C81A6082}.AppStore|iPhone.Deploy.0 = Release|Any CPU
		{3AA2C792-47B5-4AFD-A43C-4C39C81A6082}.AppStore|iPhoneSimulator.ActiveCfg = Release|Any CPU
		{3AA2C792-47B5-4AFD-A43C-4C39C81A6082}.AppStore|iPhoneSimulator.Build.0 = Release|Any CPU
		{3AA2C792-47B5-4AFD-A43C-4C39C81A6082}.AppStore|iPhoneSimulator.Deploy.0 = Release|Any CPU
		{3AA2C792-47B5-4AFD-A43C-4C39C81A6082}.Debug|Any CPU.ActiveCfg = Debug|Any CPU
		{3AA2C792-47B5-4AFD-A43C-4C39C81A6082}.Debug|Any CPU.Build.0 = Debug|Any CPU
		{3AA2C792-47B5-4AFD-A43C-4C39C81A6082}.Debug|Any CPU.Deploy.0 = Debug|Any CPU
		{3AA2C792-47B5-4AFD-A43C-4C39C81A6082}.Debug|iPhone.ActiveCfg = Debug|Any CPU
		{3AA2C792-47B5-4AFD-A43C-4C39C81A6082}.Debug|iPhone.Build.0 = Debug|Any CPU
		{3AA2C792-47B5-4AFD-A43C-4C39C81A6082}.Debug|iPhone.Deploy.0 = Debug|Any CPU
		{3AA2C792-47B5-4AFD-A43C-4C39C81A6082}.Debug|iPhoneSimulator.ActiveCfg = Debug|Any CPU
		{3AA2C792-47B5-4AFD-A43C-4C39C81A6082}.Debug|iPhoneSimulator.Build.0 = Debug|Any CPU
		{3AA2C792-47B5-4AFD-A43C-4C39C81A6082}.Debug|iPhoneSimulator.Deploy.0 = Debug|Any CPU
		{3AA2C792-47B5-4AFD-A43C-4C39C81A6082}.Release|Any CPU.ActiveCfg = Release|Any CPU
		{3AA2C792-47B5-4AFD-A43C-4C39C81A6082}.Release|Any CPU.Build.0 = Release|Any CPU
		{3AA2C792-47B5-4AFD-A43C-4C39C81A6082}.Release|Any CPU.Deploy.0 = Release|Any CPU
		{3AA2C792-47B5-4AFD-A43C-4C39C81A6082}.Release|iPhone.ActiveCfg = Release|Any CPU
		{3AA2C792-47B5-4AFD-A43C-4C39C81A6082}.Release|iPhone.Build.0 = Release|Any CPU
		{3AA2C792-47B5-4AFD-A43C-4C39C81A6082}.Release|iPhone.Deploy.0 = Release|Any CPU
		{3AA2C792-47B5-4AFD-A43C-4C39C81A6082}.Release|iPhoneSimulator.ActiveCfg = Release|Any CPU
		{3AA2C792-47B5-4AFD-A43C-4C39C81A6082}.Release|iPhoneSimulator.Build.0 = Release|Any CPU
		{3AA2C792-47B5-4AFD-A43C-4C39C81A6082}.Release|iPhoneSimulator.Deploy.0 = Release|Any CPU
		{5C808508-9F30-48C3-92E7-4EAA32C6375D}.Ad-Hoc|Any CPU.ActiveCfg = Ad-Hoc|iPhone
		{5C808508-9F30-48C3-92E7-4EAA32C6375D}.Ad-Hoc|Any CPU.Build.0 = Ad-Hoc|iPhone
		{5C808508-9F30-48C3-92E7-4EAA32C6375D}.Ad-Hoc|Any CPU.Deploy.0 = Ad-Hoc|iPhone
		{5C808508-9F30-48C3-92E7-4EAA32C6375D}.Ad-Hoc|iPhone.ActiveCfg = Ad-Hoc|iPhone
		{5C808508-9F30-48C3-92E7-4EAA32C6375D}.Ad-Hoc|iPhone.Build.0 = Ad-Hoc|iPhone
		{5C808508-9F30-48C3-92E7-4EAA32C6375D}.Ad-Hoc|iPhone.Deploy.0 = Ad-Hoc|iPhone
		{5C808508-9F30-48C3-92E7-4EAA32C6375D}.Ad-Hoc|iPhoneSimulator.ActiveCfg = Ad-Hoc|iPhoneSimulator
		{5C808508-9F30-48C3-92E7-4EAA32C6375D}.Ad-Hoc|iPhoneSimulator.Build.0 = Ad-Hoc|iPhoneSimulator
		{5C808508-9F30-48C3-92E7-4EAA32C6375D}.Ad-Hoc|iPhoneSimulator.Deploy.0 = Ad-Hoc|iPhoneSimulator
		{5C808508-9F30-48C3-92E7-4EAA32C6375D}.AppStore|Any CPU.ActiveCfg = AppStore|iPhone
		{5C808508-9F30-48C3-92E7-4EAA32C6375D}.AppStore|Any CPU.Build.0 = AppStore|iPhone
		{5C808508-9F30-48C3-92E7-4EAA32C6375D}.AppStore|Any CPU.Deploy.0 = AppStore|iPhone
		{5C808508-9F30-48C3-92E7-4EAA32C6375D}.AppStore|iPhone.ActiveCfg = AppStore|iPhone
		{5C808508-9F30-48C3-92E7-4EAA32C6375D}.AppStore|iPhone.Build.0 = AppStore|iPhone
		{5C808508-9F30-48C3-92E7-4EAA32C6375D}.AppStore|iPhone.Deploy.0 = AppStore|iPhone
		{5C808508-9F30-48C3-92E7-4EAA32C6375D}.AppStore|iPhoneSimulator.ActiveCfg = AppStore|iPhoneSimulator
		{5C808508-9F30-48C3-92E7-4EAA32C6375D}.AppStore|iPhoneSimulator.Build.0 = AppStore|iPhoneSimulator
		{5C808508-9F30-48C3-92E7-4EAA32C6375D}.AppStore|iPhoneSimulator.Deploy.0 = AppStore|iPhoneSimulator
		{5C808508-9F30-48C3-92E7-4EAA32C6375D}.Debug|Any CPU.ActiveCfg = Debug|iPhoneSimulator
		{5C808508-9F30-48C3-92E7-4EAA32C6375D}.Debug|Any CPU.Build.0 = Debug|iPhoneSimulator
		{5C808508-9F30-48C3-92E7-4EAA32C6375D}.Debug|Any CPU.Deploy.0 = Debug|iPhoneSimulator
		{5C808508-9F30-48C3-92E7-4EAA32C6375D}.Debug|iPhone.ActiveCfg = Debug|iPhone
		{5C808508-9F30-48C3-92E7-4EAA32C6375D}.Debug|iPhone.Build.0 = Debug|iPhone
		{5C808508-9F30-48C3-92E7-4EAA32C6375D}.Debug|iPhone.Deploy.0 = Debug|iPhone
		{5C808508-9F30-48C3-92E7-4EAA32C6375D}.Debug|iPhoneSimulator.ActiveCfg = Debug|iPhoneSimulator
		{5C808508-9F30-48C3-92E7-4EAA32C6375D}.Debug|iPhoneSimulator.Build.0 = Debug|iPhoneSimulator
		{5C808508-9F30-48C3-92E7-4EAA32C6375D}.Debug|iPhoneSimulator.Deploy.0 = Debug|iPhoneSimulator
		{5C808508-9F30-48C3-92E7-4EAA32C6375D}.Release|Any CPU.ActiveCfg = Release|iPhone
		{5C808508-9F30-48C3-92E7-4EAA32C6375D}.Release|Any CPU.Build.0 = Release|iPhone
		{5C808508-9F30-48C3-92E7-4EAA32C6375D}.Release|Any CPU.Deploy.0 = Release|iPhone
		{5C808508-9F30-48C3-92E7-4EAA32C6375D}.Release|iPhone.ActiveCfg = Release|iPhone
		{5C808508-9F30-48C3-92E7-4EAA32C6375D}.Release|iPhone.Build.0 = Release|iPhone
		{5C808508-9F30-48C3-92E7-4EAA32C6375D}.Release|iPhone.Deploy.0 = Release|iPhone
		{5C808508-9F30-48C3-92E7-4EAA32C6375D}.Release|iPhoneSimulator.ActiveCfg = Release|iPhoneSimulator
		{5C808508-9F30-48C3-92E7-4EAA32C6375D}.Release|iPhoneSimulator.Build.0 = Release|iPhoneSimulator
		{5C808508-9F30-48C3-92E7-4EAA32C6375D}.Release|iPhoneSimulator.Deploy.0 = Release|iPhoneSimulator
		{D93A427D-908B-4F40-B513-4FC11F692C22}.Ad-Hoc|Any CPU.ActiveCfg = Debug|Any CPU
		{D93A427D-908B-4F40-B513-4FC11F692C22}.Ad-Hoc|Any CPU.Build.0 = Debug|Any CPU
		{D93A427D-908B-4F40-B513-4FC11F692C22}.Ad-Hoc|Any CPU.Deploy.0 = Debug|Any CPU
		{D93A427D-908B-4F40-B513-4FC11F692C22}.Ad-Hoc|iPhone.ActiveCfg = Debug|Any CPU
		{D93A427D-908B-4F40-B513-4FC11F692C22}.Ad-Hoc|iPhone.Build.0 = Debug|Any CPU
		{D93A427D-908B-4F40-B513-4FC11F692C22}.Ad-Hoc|iPhone.Deploy.0 = Debug|Any CPU
		{D93A427D-908B-4F40-B513-4FC11F692C22}.Ad-Hoc|iPhoneSimulator.ActiveCfg = Debug|Any CPU
		{D93A427D-908B-4F40-B513-4FC11F692C22}.Ad-Hoc|iPhoneSimulator.Build.0 = Debug|Any CPU
		{D93A427D-908B-4F40-B513-4FC11F692C22}.Ad-Hoc|iPhoneSimulator.Deploy.0 = Debug|Any CPU
		{D93A427D-908B-4F40-B513-4FC11F692C22}.AppStore|Any CPU.ActiveCfg = Debug|Any CPU
		{D93A427D-908B-4F40-B513-4FC11F692C22}.AppStore|Any CPU.Build.0 = Debug|Any CPU
		{D93A427D-908B-4F40-B513-4FC11F692C22}.AppStore|Any CPU.Deploy.0 = Debug|Any CPU
		{D93A427D-908B-4F40-B513-4FC11F692C22}.AppStore|iPhone.ActiveCfg = Debug|Any CPU
		{D93A427D-908B-4F40-B513-4FC11F692C22}.AppStore|iPhone.Build.0 = Debug|Any CPU
		{D93A427D-908B-4F40-B513-4FC11F692C22}.AppStore|iPhone.Deploy.0 = Debug|Any CPU
		{D93A427D-908B-4F40-B513-4FC11F692C22}.AppStore|iPhoneSimulator.ActiveCfg = Debug|Any CPU
		{D93A427D-908B-4F40-B513-4FC11F692C22}.AppStore|iPhoneSimulator.Build.0 = Debug|Any CPU
		{D93A427D-908B-4F40-B513-4FC11F692C22}.AppStore|iPhoneSimulator.Deploy.0 = Debug|Any CPU
		{D93A427D-908B-4F40-B513-4FC11F692C22}.Debug|Any CPU.ActiveCfg = Debug|Any CPU
		{D93A427D-908B-4F40-B513-4FC11F692C22}.Debug|Any CPU.Build.0 = Debug|Any CPU
		{D93A427D-908B-4F40-B513-4FC11F692C22}.Debug|Any CPU.Deploy.0 = Debug|Any CPU
		{D93A427D-908B-4F40-B513-4FC11F692C22}.Debug|iPhone.ActiveCfg = Debug|Any CPU
		{D93A427D-908B-4F40-B513-4FC11F692C22}.Debug|iPhone.Build.0 = Debug|Any CPU
		{D93A427D-908B-4F40-B513-4FC11F692C22}.Debug|iPhone.Deploy.0 = Debug|Any CPU
		{D93A427D-908B-4F40-B513-4FC11F692C22}.Debug|iPhoneSimulator.ActiveCfg = Debug|Any CPU
		{D93A427D-908B-4F40-B513-4FC11F692C22}.Debug|iPhoneSimulator.Build.0 = Debug|Any CPU
		{D93A427D-908B-4F40-B513-4FC11F692C22}.Debug|iPhoneSimulator.Deploy.0 = Debug|Any CPU
		{D93A427D-908B-4F40-B513-4FC11F692C22}.Release|Any CPU.ActiveCfg = Release|Any CPU
		{D93A427D-908B-4F40-B513-4FC11F692C22}.Release|Any CPU.Build.0 = Release|Any CPU
		{D93A427D-908B-4F40-B513-4FC11F692C22}.Release|Any CPU.Deploy.0 = Release|Any CPU
		{D93A427D-908B-4F40-B513-4FC11F692C22}.Release|iPhone.ActiveCfg = Release|Any CPU
		{D93A427D-908B-4F40-B513-4FC11F692C22}.Release|iPhone.Build.0 = Release|Any CPU
		{D93A427D-908B-4F40-B513-4FC11F692C22}.Release|iPhone.Deploy.0 = Release|Any CPU
		{D93A427D-908B-4F40-B513-4FC11F692C22}.Release|iPhoneSimulator.ActiveCfg = Release|Any CPU
		{D93A427D-908B-4F40-B513-4FC11F692C22}.Release|iPhoneSimulator.Build.0 = Release|Any CPU
		{D93A427D-908B-4F40-B513-4FC11F692C22}.Release|iPhoneSimulator.Deploy.0 = Release|Any CPU
		{0584DD37-ECD3-4F85-A1B4-1F8B74D18508}.Ad-Hoc|Any CPU.ActiveCfg = Release|Any CPU
		{0584DD37-ECD3-4F85-A1B4-1F8B74D18508}.Ad-Hoc|Any CPU.Build.0 = Release|Any CPU
		{0584DD37-ECD3-4F85-A1B4-1F8B74D18508}.Ad-Hoc|iPhone.ActiveCfg = Release|Any CPU
		{0584DD37-ECD3-4F85-A1B4-1F8B74D18508}.Ad-Hoc|iPhone.Build.0 = Release|Any CPU
		{0584DD37-ECD3-4F85-A1B4-1F8B74D18508}.Ad-Hoc|iPhoneSimulator.ActiveCfg = Release|Any CPU
		{0584DD37-ECD3-4F85-A1B4-1F8B74D18508}.Ad-Hoc|iPhoneSimulator.Build.0 = Release|Any CPU
		{0584DD37-ECD3-4F85-A1B4-1F8B74D18508}.AppStore|Any CPU.ActiveCfg = Release|Any CPU
		{0584DD37-ECD3-4F85-A1B4-1F8B74D18508}.AppStore|Any CPU.Build.0 = Release|Any CPU
		{0584DD37-ECD3-4F85-A1B4-1F8B74D18508}.AppStore|iPhone.ActiveCfg = Release|Any CPU
		{0584DD37-ECD3-4F85-A1B4-1F8B74D18508}.AppStore|iPhone.Build.0 = Release|Any CPU
		{0584DD37-ECD3-4F85-A1B4-1F8B74D18508}.AppStore|iPhoneSimulator.ActiveCfg = Release|Any CPU
		{0584DD37-ECD3-4F85-A1B4-1F8B74D18508}.AppStore|iPhoneSimulator.Build.0 = Release|Any CPU
		{0584DD37-ECD3-4F85-A1B4-1F8B74D18508}.Debug|Any CPU.ActiveCfg = Debug|Any CPU
		{0584DD37-ECD3-4F85-A1B4-1F8B74D18508}.Debug|Any CPU.Build.0 = Debug|Any CPU
		{0584DD37-ECD3-4F85-A1B4-1F8B74D18508}.Debug|iPhone.ActiveCfg = Debug|Any CPU
		{0584DD37-ECD3-4F85-A1B4-1F8B74D18508}.Debug|iPhone.Build.0 = Debug|Any CPU
		{0584DD37-ECD3-4F85-A1B4-1F8B74D18508}.Debug|iPhoneSimulator.ActiveCfg = Debug|Any CPU
		{0584DD37-ECD3-4F85-A1B4-1F8B74D18508}.Debug|iPhoneSimulator.Build.0 = Debug|Any CPU
		{0584DD37-ECD3-4F85-A1B4-1F8B74D18508}.Release|Any CPU.ActiveCfg = Release|Any CPU
		{0584DD37-ECD3-4F85-A1B4-1F8B74D18508}.Release|Any CPU.Build.0 = Release|Any CPU
		{0584DD37-ECD3-4F85-A1B4-1F8B74D18508}.Release|iPhone.ActiveCfg = Release|Any CPU
		{0584DD37-ECD3-4F85-A1B4-1F8B74D18508}.Release|iPhone.Build.0 = Release|Any CPU
		{0584DD37-ECD3-4F85-A1B4-1F8B74D18508}.Release|iPhoneSimulator.ActiveCfg = Release|Any CPU
		{0584DD37-ECD3-4F85-A1B4-1F8B74D18508}.Release|iPhoneSimulator.Build.0 = Release|Any CPU
	EndGlobalSection
	GlobalSection(SolutionProperties) = preSolution
		HideSolutionNode = FALSE
	EndGlobalSection
	GlobalSection(ExtensibilityGlobals) = postSolution
		SolutionGuid = {6DB14CC1-6EAA-491E-A712-0B792C2946AD}
	EndGlobalSection
EndGlobal
